{
  "name": "@ruvnet/social-metaharness",
  "version": "0.1.0",
  "lockfileVersion": 3,
  "requires": true,
  "packages": {
    "": {
      "name": "@ruvnet/social-metaharness",
      "version": "0.1.0",
      "license": "MIT",
      "bin": {
        "ruv-social": "bin/cli.js"
      },
      "engines": {
        "node": ">=20.0.0"
      }
    }
  }
}
